
Microsoft Visual Studio Solution File, Format Version 12.00
# Visual Studio Version 16
VisualStudioVersion = 16.0.33927.289
MinimumVisualStudioVersion = 10.0.40219.1
Project("{2150E333-8FDC-42A3-9474-1A3956D46DE8}") = "Task0", "Task0", "{18EBFFFB-C953-4D94-ABAB-04453634CC9D}"
EndProject
Project("{FAE04EC0-301F-11D3-BF4B-00C04F79EFBC}") = "Tyuiu.PimenovaTS.Sprint5.Task0.V25", "Tyuiu.PimenovaTS.Sprint5.Task0.V25\Tyuiu.PimenovaTS.Sprint5.Task0.V25.csproj", "{F1A9E33C-589A-4F11-BF33-92624322C43B}"
EndProject
Project("{FAE04EC0-301F-11D3-BF4B-00C04F79EFBC}") = "Tyuiu.PimenovaTS.Sprint5.Task0.V25.Lib", "Tyuiu.PimenovaTS.Sprint5.Task0.V25.Lib\Tyuiu.PimenovaTS.Sprint5.Task0.V25.Lib.csproj", "{A0110717-4168-42D2-911E-810D9DB9818C}"
EndProject
Project("{FAE04EC0-301F-11D3-BF4B-00C04F79EFBC}") = "Tyuiu.PimenovaTS.Sprint5.Task0.V25.Test", "Tyuiu.PimenovaTS.Sprint5.Task0.V25.Test\Tyuiu.PimenovaTS.Sprint5.Task0.V25.Test.csproj", "{2550E504-5A54-4FA4-88C4-9B72BF4DFD86}"
EndProject
Global
	GlobalSection(SolutionConfigurationPlatforms) = preSolution
		Debug|Any CPU = Debug|Any CPU
		Release|Any CPU = Release|Any CPU
	EndGlobalSection
	GlobalSection(ProjectConfigurationPlatforms) = postSolution
		{F1A9E33C-589A-4F11-BF33-92624322C43B}.Debug|Any CPU.ActiveCfg = Debug|Any CPU
		{F1A9E33C-589A-4F11-BF33-92624322C43B}.Debug|Any CPU.Build.0 = Debug|Any CPU
		{F1A9E33C-589A-4F11-BF33-92624322C43B}.Release|Any CPU.ActiveCfg = Release|Any CPU
		{F1A9E33C-589A-4F11-BF33-92624322C43B}.Release|Any CPU.Build.0 = Release|Any CPU
		{A0110717-4168-42D2-911E-810D9DB9818C}.Debug|Any CPU.ActiveCfg = Debug|Any CPU
		{A0110717-4168-42D2-911E-810D9DB9818C}.Debug|Any CPU.Build.0 = Debug|Any CPU
		{A0110717-4168-42D2-911E-810D9DB9818C}.Release|Any CPU.ActiveCfg = Release|Any CPU
		{A0110717-4168-42D2-911E-810D9DB9818C}.Release|Any CPU.Build.0 = Release|Any CPU
		{2550E504-5A54-4FA4-88C4-9B72BF4DFD86}.Debug|Any CPU.ActiveCfg = Debug|Any CPU
		{2550E504-5A54-4FA4-88C4-9B72BF4DFD86}.Debug|Any CPU.Build.0 = Debug|Any CPU
		{2550E504-5A54-4FA4-88C4-9B72BF4DFD86}.Release|Any CPU.ActiveCfg = Release|Any CPU
		{2550E504-5A54-4FA4-88C4-9B72BF4DFD86}.Release|Any CPU.Build.0 = Release|Any CPU
	EndGlobalSection
	GlobalSection(SolutionProperties) = preSolution
		HideSolutionNode = FALSE
	EndGlobalSection
	GlobalSection(NestedProjects) = preSolution
		{F1A9E33C-589A-4F11-BF33-92624322C43B} = {18EBFFFB-C953-4D94-ABAB-04453634CC9D}
		{A0110717-4168-42D2-911E-810D9DB9818C} = {18EBFFFB-C953-4D94-ABAB-04453634CC9D}
		{2550E504-5A54-4FA4-88C4-9B72BF4DFD86} = {18EBFFFB-C953-4D94-ABAB-04453634CC9D}
	EndGlobalSection
	GlobalSection(ExtensibilityGlobals) = postSolution
		SolutionGuid = {C9F83A34-72EA-4DFB-B001-C9D965462ACE}
	EndGlobalSection
EndGlobal
